
Microsoft Visual Studio Solution File, Format Version 12.00
# Visual Studio 14
VisualStudioVersion = 14.0.23107.0
MinimumVisualStudioVersion = 10.0.40219.1
Project("{FAE04EC0-301F-11D3-BF4B-00C04F79EFBC}") = "TestText", "TestText\TestText.csproj", "{5FEA8648-4960-402A-AFDC-F6BD61803957}"
EndProject
Project("{FAE04EC0-301F-11D3-BF4B-00C04F79EFBC}") = "Uppgift1", "Uppgift1\Uppgift1.csproj", "{F471B6F4-C017-4E5D-A8F3-671415F0BC57}"
EndProject
Project("{FAE04EC0-301F-11D3-BF4B-00C04F79EFBC}") = "Uppgift4", "Uppgift4\Uppgift4.csproj", "{7D635CFE-8628-4374-ABC3-A204668E6955}"
EndProject
Project("{FAE04EC0-301F-11D3-BF4B-00C04F79EFBC}") = "Uppgift3", "Uppgift3\Uppgift3.csproj", "{FAFDBD05-1661-4AD4-A532-F10D764581A1}"
EndProject
Project("{FAE04EC0-301F-11D3-BF4B-00C04F79EFBC}") = "Uppgift3.Tests", "Uppgift3.Tests\Uppgift3.Tests.csproj", "{5F43A15A-6567-48BD-93D7-D153CFDA9584}"
EndProject
Global
	GlobalSection(SolutionConfigurationPlatforms) = preSolution
		Debug|Any CPU = Debug|Any CPU
		Release|Any CPU = Release|Any CPU
	EndGlobalSection
	GlobalSection(ProjectConfigurationPlatforms) = postSolution
		{5FEA8648-4960-402A-AFDC-F6BD61803957}.Debug|Any CPU.ActiveCfg = Debug|Any CPU
		{5FEA8648-4960-402A-AFDC-F6BD61803957}.Debug|Any CPU.Build.0 = Debug|Any CPU
		{5FEA8648-4960-402A-AFDC-F6BD61803957}.Release|Any CPU.ActiveCfg = Release|Any CPU
		{5FEA8648-4960-402A-AFDC-F6BD61803957}.Release|Any CPU.Build.0 = Release|Any CPU
		{F471B6F4-C017-4E5D-A8F3-671415F0BC57}.Debug|Any CPU.ActiveCfg = Debug|Any CPU
		{F471B6F4-C017-4E5D-A8F3-671415F0BC57}.Debug|Any CPU.Build.0 = Debug|Any CPU
		{F471B6F4-C017-4E5D-A8F3-671415F0BC57}.Release|Any CPU.ActiveCfg = Release|Any CPU
		{F471B6F4-C017-4E5D-A8F3-671415F0BC57}.Release|Any CPU.Build.0 = Release|Any CPU
		{7D635CFE-8628-4374-ABC3-A204668E6955}.Debug|Any CPU.ActiveCfg = Debug|Any CPU
		{7D635CFE-8628-4374-ABC3-A204668E6955}.Debug|Any CPU.Build.0 = Debug|Any CPU
		{7D635CFE-8628-4374-ABC3-A204668E6955}.Release|Any CPU.ActiveCfg = Release|Any CPU
		{7D635CFE-8628-4374-ABC3-A204668E6955}.Release|Any CPU.Build.0 = Release|Any CPU
		{FAFDBD05-1661-4AD4-A532-F10D764581A1}.Debug|Any CPU.ActiveCfg = Debug|Any CPU
		{FAFDBD05-1661-4AD4-A532-F10D764581A1}.Debug|Any CPU.Build.0 = Debug|Any CPU
		{FAFDBD05-1661-4AD4-A532-F10D764581A1}.Release|Any CPU.ActiveCfg = Release|Any CPU
		{FAFDBD05-1661-4AD4-A532-F10D764581A1}.Release|Any CPU.Build.0 = Release|Any CPU
		{5F43A15A-6567-48BD-93D7-D153CFDA9584}.Debug|Any CPU.ActiveCfg = Debug|Any CPU
		{5F43A15A-6567-48BD-93D7-D153CFDA9584}.Debug|Any CPU.Build.0 = Debug|Any CPU
		{5F43A15A-6567-48BD-93D7-D153CFDA9584}.Release|Any CPU.ActiveCfg = Release|Any CPU
		{5F43A15A-6567-48BD-93D7-D153CFDA9584}.Release|Any CPU.Build.0 = Release|Any CPU
	EndGlobalSection
	GlobalSection(SolutionProperties) = preSolution
		HideSolutionNode = FALSE
	EndGlobalSection
EndGlobal
